// !$*UTF8*$!
{
	archiveVersion = 1;
	classes = {
	};
	objectVersion = 46;
	objects = {

/* Begin PBXBuildFile section */
		5BC2F88175667D555C5ECE4C /* Pods.framework in Frameworks */ = {isa = PBXBuildFile; fileRef = 929B6C57C0D0D3556AAD560C /* Pods.framework */; };
		5F09E0B51CCB8D21005A3E8D /* AppDelegate.swift in Sources */ = {isa = PBXBuildFile; fileRef = 5F09E0B41CCB8D21005A3E8D /* AppDelegate.swift */; };
		5F09E0BC1CCB8D21005A3E8D /* Assets.xcassets in Resources */ = {isa = PBXBuildFile; fileRef = 5F09E0BB1CCB8D21005A3E8D /* Assets.xcassets */; };
		5F09E0CA1CCB8D22005A3E8D /* weiboTests.swift in Sources */ = {isa = PBXBuildFile; fileRef = 5F09E0C91CCB8D22005A3E8D /* weiboTests.swift */; };
		5F09E0D51CCB8D22005A3E8D /* weiboUITests.swift in Sources */ = {isa = PBXBuildFile; fileRef = 5F09E0D41CCB8D22005A3E8D /* weiboUITests.swift */; };
		5F09E0ED1CCB8F3B005A3E8D /* MainTabBarViewController.swift in Sources */ = {isa = PBXBuildFile; fileRef = 5F09E0EC1CCB8F3B005A3E8D /* MainTabBarViewController.swift */; };
		5F09E0EF1CCB8F4D005A3E8D /* HomeTableViewController.swift in Sources */ = {isa = PBXBuildFile; fileRef = 5F09E0EE1CCB8F4D005A3E8D /* HomeTableViewController.swift */; };
		5F09E0F11CCB8F5E005A3E8D /* DiscoverTableViewController.swift in Sources */ = {isa = PBXBuildFile; fileRef = 5F09E0F01CCB8F5E005A3E8D /* DiscoverTableViewController.swift */; };
		5F09E0F31CCB8F6B005A3E8D /* MessageTableViewController.swift in Sources */ = {isa = PBXBuildFile; fileRef = 5F09E0F21CCB8F6B005A3E8D /* MessageTableViewController.swift */; };
		5F09E0F51CCB8F77005A3E8D /* ProfileTableViewController.swift in Sources */ = {isa = PBXBuildFile; fileRef = 5F09E0F41CCB8F77005A3E8D /* ProfileTableViewController.swift */; };
		5F1CC6031CCE5E9F00C960B5 /* BaseTableViewController.swift in Sources */ = {isa = PBXBuildFile; fileRef = 5F1CC6021CCE5E9F00C960B5 /* BaseTableViewController.swift */; };
		5F1CC6051CCE5F1F00C960B5 /* VisitorView.swift in Sources */ = {isa = PBXBuildFile; fileRef = 5F1CC6041CCE5F1F00C960B5 /* VisitorView.swift */; };
		5F1CC6071CCE628000C960B5 /* UIView+AutoLayout.swift in Sources */ = {isa = PBXBuildFile; fileRef = 5F1CC6061CCE628000C960B5 /* UIView+AutoLayout.swift */; };
		5F3DFFE71CEA02F80063C10D /* StatusTableViewTopView.swift in Sources */ = {isa = PBXBuildFile; fileRef = 5F3DFFE61CEA02F80063C10D /* StatusTableViewTopView.swift */; };
		5F3DFFE91CEA0AB80063C10D /* StatusTableViewBottomView.swift in Sources */ = {isa = PBXBuildFile; fileRef = 5F3DFFE81CEA0AB80063C10D /* StatusTableViewBottomView.swift */; };
		5F3DFFEB1CEA0B800063C10D /* StatusPictureView.swift in Sources */ = {isa = PBXBuildFile; fileRef = 5F3DFFEA1CEA0B800063C10D /* StatusPictureView.swift */; };
		5F3DFFED1CEA22AE0063C10D /* StatusForwardTableViewCell.swift in Sources */ = {isa = PBXBuildFile; fileRef = 5F3DFFEC1CEA22AE0063C10D /* StatusForwardTableViewCell.swift */; };
		5F3DFFEF1CEA270E0063C10D /* StatusNormalTableViewCell.swift in Sources */ = {isa = PBXBuildFile; fileRef = 5F3DFFEE1CEA270E0063C10D /* StatusNormalTableViewCell.swift */; };
		5F43480E1CE4A6460067098B /* UILabel+Category.swift in Sources */ = {isa = PBXBuildFile; fileRef = 5F43480D1CE4A6460067098B /* UILabel+Category.swift */; };
		5F4348101CE4A9660067098B /* UIButton+Category.swift in Sources */ = {isa = PBXBuildFile; fileRef = 5F43480F1CE4A9650067098B /* UIButton+Category.swift */; };
		5F44E89A1CE234C4009B3B90 /* StatusTableViewCell.swift in Sources */ = {isa = PBXBuildFile; fileRef = 5F44E8991CE234C4009B3B90 /* StatusTableViewCell.swift */; };
		5F4848811CEBAEA500BBFC23 /* HomeRefreshView.xib in Resources */ = {isa = PBXBuildFile; fileRef = 5F4848801CEBAEA500BBFC23 /* HomeRefreshView.xib */; };
		5F4848831CEBAED100BBFC23 /* HomeRefreshView.swift in Sources */ = {isa = PBXBuildFile; fileRef = 5F4848821CEBAED100BBFC23 /* HomeRefreshView.swift */; };
		5F4D89DD1CD60CDD00F750E0 /* OAuthViewController.swift in Sources */ = {isa = PBXBuildFile; fileRef = 5F4D89DC1CD60CDD00F750E0 /* OAuthViewController.swift */; };
		5F6299ED1CD0F22F0055A93F /* PopoverViewController.storyboard in Resources */ = {isa = PBXBuildFile; fileRef = 5F6299EC1CD0F22F0055A93F /* PopoverViewController.storyboard */; };
		5F6299EF1CD0FC7E0055A93F /* PopoverPresentationController.swift in Sources */ = {isa = PBXBuildFile; fileRef = 5F6299EE1CD0FC7E0055A93F /* PopoverPresentationController.swift */; };
		5F6299F11CD0FD180055A93F /* PopoverViewController.swift in Sources */ = {isa = PBXBuildFile; fileRef = 5F6299F01CD0FD180055A93F /* PopoverViewController.swift */; };
		5F6299F61CD1146F0055A93F /* QRCodeViewController.storyboard in Resources */ = {isa = PBXBuildFile; fileRef = 5F6299F51CD1146F0055A93F /* QRCodeViewController.storyboard */; };
		5F6299F81CD114840055A93F /* QRCodeViewController.swift in Sources */ = {isa = PBXBuildFile; fileRef = 5F6299F71CD114840055A93F /* QRCodeViewController.swift */; };
		5F62CC261CD5A325000E029D /* QRCodeCardViewController.swift in Sources */ = {isa = PBXBuildFile; fileRef = 5F62CC251CD5A325000E029D /* QRCodeCardViewController.swift */; };
		5F6458071CD5C6C6001EECE1 /* Pods.framework in CopyFiles */ = {isa = PBXBuildFile; fileRef = 929B6C57C0D0D3556AAD560C /* Pods.framework */; settings = {ATTRIBUTES = (CodeSignOnCopy, RemoveHeadersOnCopy, ); }; };
		5F719C2C1CCFB5C800325921 /* UIBarButtonItem+Category.swift in Sources */ = {isa = PBXBuildFile; fileRef = 5F719C2B1CCFB5C800325921 /* UIBarButtonItem+Category.swift */; };
		5F719C2E1CCFBB6A00325921 /* titleButton.swift in Sources */ = {isa = PBXBuildFile; fileRef = 5F719C2D1CCFBB6A00325921 /* titleButton.swift */; };
		5F7F3EA81CE4D722005F99FC /* NSDate+Category.swift in Sources */ = {isa = PBXBuildFile; fileRef = 5F7F3EA71CE4D722005F99FC /* NSDate+Category.swift */; };
		5F8D0A8B1CD704230084D763 /* NetworkTools.swift in Sources */ = {isa = PBXBuildFile; fileRef = 5F8D0A8A1CD704230084D763 /* NetworkTools.swift */; };
		5F8D0A8D1CD70D1F0084D763 /* UserAccount.swift in Sources */ = {isa = PBXBuildFile; fileRef = 5F8D0A8C1CD70D1F0084D763 /* UserAccount.swift */; };
		5F99A9281CD72A8200177BFC /* String+Category.swift in Sources */ = {isa = PBXBuildFile; fileRef = 5F99A9271CD72A8200177BFC /* String+Category.swift */; };
		5F99A92B1CD7730500177BFC /* NewfeatureCollectionViewController.swift in Sources */ = {isa = PBXBuildFile; fileRef = 5F99A92A1CD7730500177BFC /* NewfeatureCollectionViewController.swift */; };
		5F9F19D71CEDDA080025E644 /* PhotoBrowserCell.swift in Sources */ = {isa = PBXBuildFile; fileRef = 5F9F19D61CEDDA080025E644 /* PhotoBrowserCell.swift */; };
		5F9F19D91CEDDB330025E644 /* UIColor+Category.swift in Sources */ = {isa = PBXBuildFile; fileRef = 5F9F19D81CEDDB330025E644 /* UIColor+Category.swift */; };
		5FB8EE8F1CDE3A0900EF4535 /* WelcomeViewController.swift in Sources */ = {isa = PBXBuildFile; fileRef = 5FB8EE8E1CDE3A0900EF4535 /* WelcomeViewController.swift */; };
		5FC2BEAC1CCD000600850D74 /* MainVCSettings.json in Resources */ = {isa = PBXBuildFile; fileRef = 5FC2BEAA1CCD000600850D74 /* MainVCSettings.json */; };
		5FC2BEAD1CCD000600850D74 /* NullViewController.swift in Sources */ = {isa = PBXBuildFile; fileRef = 5FC2BEAB1CCD000600850D74 /* NullViewController.swift */; };
		5FF403701CECC0AA002EE096 /* PhotoBrowserViewController.swift in Sources */ = {isa = PBXBuildFile; fileRef = 5FF4036F1CECC0AA002EE096 /* PhotoBrowserViewController.swift */; };
		5FFD44F71CE1FC290062B0A9 /* Status.swift in Sources */ = {isa = PBXBuildFile; fileRef = 5FFD44F61CE1FC290062B0A9 /* Status.swift */; };
		5FFD44F91CE201750062B0A9 /* PopoverAnimator.swift in Sources */ = {isa = PBXBuildFile; fileRef = 5FFD44F81CE201750062B0A9 /* PopoverAnimator.swift */; };
		5FFD44FB1CE2176E0062B0A9 /* User.swift in Sources */ = {isa = PBXBuildFile; fileRef = 5FFD44FA1CE2176E0062B0A9 /* User.swift */; };
/* End PBXBuildFile section */

/* Begin PBXContainerItemProxy section */
		5F09E0C61CCB8D22005A3E8D /* PBXContainerItemProxy */ = {
			isa = PBXContainerItemProxy;
			containerPortal = 5F09E0A91CCB8D21005A3E8D /* Project object */;
			proxyType = 1;
			remoteGlobalIDString = 5F09E0B01CCB8D21005A3E8D;
			remoteInfo = weibo;
		};
		5F09E0D11CCB8D22005A3E8D /* PBXContainerItemProxy */ = {
			isa = PBXContainerItemProxy;
			containerPortal = 5F09E0A91CCB8D21005A3E8D /* Project object */;
			proxyType = 1;
			remoteGlobalIDString = 5F09E0B01CCB8D21005A3E8D;
			remoteInfo = weibo;
		};
/* End PBXContainerItemProxy section */

/* Begin PBXCopyFilesBuildPhase section */
		5F6458061CD5C689001EECE1 /* CopyFiles */ = {
			isa = PBXCopyFilesBuildPhase;
			buildActionMask = 2147483647;
			dstPath = "";
			dstSubfolderSpec = 7;
			files = (
				5F6458071CD5C6C6001EECE1 /* Pods.framework in CopyFiles */,
			);
			runOnlyForDeploymentPostprocessing = 0;
		};
/* End PBXCopyFilesBuildPhase section */

/* Begin PBXFileReference section */
		2CC7096C522B05EAA004B448 /* Pods.debug.xcconfig */ = {isa = PBXFileReference; includeInIndex = 1; lastKnownFileType = text.xcconfig; name = Pods.debug.xcconfig; path = "Pods/Target Support Files/Pods/Pods.debug.xcconfig"; sourceTree = "<group>"; };
		47BD61C498DA642F4A71C612 /* Pods.release.xcconfig */ = {isa = PBXFileReference; includeInIndex = 1; lastKnownFileType = text.xcconfig; name = Pods.release.xcconfig; path = "Pods/Target Support Files/Pods/Pods.release.xcconfig"; sourceTree = "<group>"; };
		5F09E0B11CCB8D21005A3E8D /* weibo.app */ = {isa = PBXFileReference; explicitFileType = wrapper.application; includeInIndex = 0; path = weibo.app; sourceTree = BUILT_PRODUCTS_DIR; };
		5F09E0B41CCB8D21005A3E8D /* AppDelegate.swift */ = {isa = PBXFileReference; lastKnownFileType = sourcecode.swift; path = AppDelegate.swift; sourceTree = "<group>"; };
		5F09E0BB1CCB8D21005A3E8D /* Assets.xcassets */ = {isa = PBXFileReference; lastKnownFileType = folder.assetcatalog; path = Assets.xcassets; sourceTree = "<group>"; };
		5F09E0C01CCB8D21005A3E8D /* Info.plist */ = {isa = PBXFileReference; lastKnownFileType = text.plist.xml; path = Info.plist; sourceTree = "<group>"; };
		5F09E0C51CCB8D22005A3E8D /* weiboTests.xctest */ = {isa = PBXFileReference; explicitFileType = wrapper.cfbundle; includeInIndex = 0; path = weiboTests.xctest; sourceTree = BUILT_PRODUCTS_DIR; };
		5F09E0C91CCB8D22005A3E8D /* weiboTests.swift */ = {isa = PBXFileReference; lastKnownFileType = sourcecode.swift; path = weiboTests.swift; sourceTree = "<group>"; };
		5F09E0CB1CCB8D22005A3E8D /* Info.plist */ = {isa = PBXFileReference; lastKnownFileType = text.plist.xml; path = Info.plist; sourceTree = "<group>"; };
		5F09E0D01CCB8D22005A3E8D /* weiboUITests.xctest */ = {isa = PBXFileReference; explicitFileType = wrapper.cfbundle; includeInIndex = 0; path = weiboUITests.xctest; sourceTree = BUILT_PRODUCTS_DIR; };
		5F09E0D41CCB8D22005A3E8D /* weiboUITests.swift */ = {isa = PBXFileReference; lastKnownFileType = sourcecode.swift; path = weiboUITests.swift; sourceTree = "<group>"; };
		5F09E0D61CCB8D22005A3E8D /* Info.plist */ = {isa = PBXFileReference; lastKnownFileType = text.plist.xml; path = Info.plist; sourceTree = "<group>"; };
		5F09E0EC1CCB8F3B005A3E8D /* MainTabBarViewController.swift */ = {isa = PBXFileReference; fileEncoding = 4; lastKnownFileType = sourcecode.swift; path = MainTabBarViewController.swift; sourceTree = "<group>"; };
		5F09E0EE1CCB8F4D005A3E8D /* HomeTableViewController.swift */ = {isa = PBXFileReference; fileEncoding = 4; lastKnownFileType = sourcecode.swift; path = HomeTableViewController.swift; sourceTree = "<group>"; };
		5F09E0F01CCB8F5E005A3E8D /* DiscoverTableViewController.swift */ = {isa = PBXFileReference; fileEncoding = 4; lastKnownFileType = sourcecode.swift; path = DiscoverTableViewController.swift; sourceTree = "<group>"; };
		5F09E0F21CCB8F6B005A3E8D /* MessageTableViewController.swift */ = {isa = PBXFileReference; fileEncoding = 4; lastKnownFileType = sourcecode.swift; path = MessageTableViewController.swift; sourceTree = "<group>"; };
		5F09E0F41CCB8F77005A3E8D /* ProfileTableViewController.swift */ = {isa = PBXFileReference; fileEncoding = 4; lastKnownFileType = sourcecode.swift; path = ProfileTableViewController.swift; sourceTree = "<group>"; };
		5F1CC6021CCE5E9F00C960B5 /* BaseTableViewController.swift */ = {isa = PBXFileReference; fileEncoding = 4; lastKnownFileType = sourcecode.swift; path = BaseTableViewController.swift; sourceTree = "<group>"; };
		5F1CC6041CCE5F1F00C960B5 /* VisitorView.swift */ = {isa = PBXFileReference; fileEncoding = 4; lastKnownFileType = sourcecode.swift; path = VisitorView.swift; sourceTree = "<group>"; };
		5F1CC6061CCE628000C960B5 /* UIView+AutoLayout.swift */ = {isa = PBXFileReference; fileEncoding = 4; lastKnownFileType = sourcecode.swift; path = "UIView+AutoLayout.swift"; sourceTree = "<group>"; };
		5F3DFFE61CEA02F80063C10D /* StatusTableViewTopView.swift */ = {isa = PBXFileReference; fileEncoding = 4; lastKnownFileType = sourcecode.swift; path = StatusTableViewTopView.swift; sourceTree = "<group>"; };
		5F3DFFE81CEA0AB80063C10D /* StatusTableViewBottomView.swift */ = {isa = PBXFileReference; fileEncoding = 4; lastKnownFileType = sourcecode.swift; path = StatusTableViewBottomView.swift; sourceTree = "<group>"; };
		5F3DFFEA1CEA0B800063C10D /* StatusPictureView.swift */ = {isa = PBXFileReference; fileEncoding = 4; lastKnownFileType = sourcecode.swift; path = StatusPictureView.swift; sourceTree = "<group>"; };
		5F3DFFEC1CEA22AE0063C10D /* StatusForwardTableViewCell.swift */ = {isa = PBXFileReference; fileEncoding = 4; lastKnownFileType = sourcecode.swift; path = StatusForwardTableViewCell.swift; sourceTree = "<group>"; };
		5F3DFFEE1CEA270E0063C10D /* StatusNormalTableViewCell.swift */ = {isa = PBXFileReference; fileEncoding = 4; lastKnownFileType = sourcecode.swift; path = StatusNormalTableViewCell.swift; sourceTree = "<group>"; };
		5F43480D1CE4A6460067098B /* UILabel+Category.swift */ = {isa = PBXFileReference; fileEncoding = 4; lastKnownFileType = sourcecode.swift; path = "UILabel+Category.swift"; sourceTree = "<group>"; };
		5F43480F1CE4A9650067098B /* UIButton+Category.swift */ = {isa = PBXFileReference; fileEncoding = 4; lastKnownFileType = sourcecode.swift; path = "UIButton+Category.swift"; sourceTree = "<group>"; };
		5F44E8991CE234C4009B3B90 /* StatusTableViewCell.swift */ = {isa = PBXFileReference; fileEncoding = 4; lastKnownFileType = sourcecode.swift; path = StatusTableViewCell.swift; sourceTree = "<group>"; };
		5F4848801CEBAEA500BBFC23 /* HomeRefreshView.xib */ = {isa = PBXFileReference; fileEncoding = 4; lastKnownFileType = file.xib; path = HomeRefreshView.xib; sourceTree = "<group>"; };
		5F4848821CEBAED100BBFC23 /* HomeRefreshView.swift */ = {isa = PBXFileReference; fileEncoding = 4; lastKnownFileType = sourcecode.swift; path = HomeRefreshView.swift; sourceTree = "<group>"; };
		5F4D89DC1CD60CDD00F750E0 /* OAuthViewController.swift */ = {isa = PBXFileReference; fileEncoding = 4; lastKnownFileType = sourcecode.swift; path = OAuthViewController.swift; sourceTree = "<group>"; };
		5F6299EC1CD0F22F0055A93F /* PopoverViewController.storyboard */ = {isa = PBXFileReference; fileEncoding = 4; lastKnownFileType = file.storyboard; path = PopoverViewController.storyboard; sourceTree = "<group>"; };
		5F6299EE1CD0FC7E0055A93F /* PopoverPresentationController.swift */ = {isa = PBXFileReference; fileEncoding = 4; lastKnownFileType = sourcecode.swift; path = PopoverPresentationController.swift; sourceTree = "<group>"; };
		5F6299F01CD0FD180055A93F /* PopoverViewController.swift */ = {isa = PBXFileReference; fileEncoding = 4; lastKnownFileType = sourcecode.swift; path = PopoverViewController.swift; sourceTree = "<group>"; };
		5F6299F51CD1146F0055A93F /* QRCodeViewController.storyboard */ = {isa = PBXFileReference; fileEncoding = 4; lastKnownFileType = file.storyboard; path = QRCodeViewController.storyboard; sourceTree = "<group>"; };
		5F6299F71CD114840055A93F /* QRCodeViewController.swift */ = {isa = PBXFileReference; fileEncoding = 4; lastKnownFileType = sourcecode.swift; path = QRCodeViewController.swift; sourceTree = "<group>"; };
		5F62CC251CD5A325000E029D /* QRCodeCardViewController.swift */ = {isa = PBXFileReference; fileEncoding = 4; lastKnownFileType = sourcecode.swift; path = QRCodeCardViewController.swift; sourceTree = "<group>"; };
		5F719C2B1CCFB5C800325921 /* UIBarButtonItem+Category.swift */ = {isa = PBXFileReference; fileEncoding = 4; lastKnownFileType = sourcecode.swift; path = "UIBarButtonItem+Category.swift"; sourceTree = "<group>"; };
		5F719C2D1CCFBB6A00325921 /* titleButton.swift */ = {isa = PBXFileReference; fileEncoding = 4; lastKnownFileType = sourcecode.swift; path = titleButton.swift; sourceTree = "<group>"; };
		5F7F3EA71CE4D722005F99FC /* NSDate+Category.swift */ = {isa = PBXFileReference; fileEncoding = 4; lastKnownFileType = sourcecode.swift; path = "NSDate+Category.swift"; sourceTree = "<group>"; };
		5F8D0A8A1CD704230084D763 /* NetworkTools.swift */ = {isa = PBXFileReference; fileEncoding = 4; lastKnownFileType = sourcecode.swift; path = NetworkTools.swift; sourceTree = "<group>"; };
		5F8D0A8C1CD70D1F0084D763 /* UserAccount.swift */ = {isa = PBXFileReference; fileEncoding = 4; lastKnownFileType = sourcecode.swift; path = UserAccount.swift; sourceTree = "<group>"; };
		5F99A9271CD72A8200177BFC /* String+Category.swift */ = {isa = PBXFileReference; fileEncoding = 4; lastKnownFileType = sourcecode.swift; path = "String+Category.swift"; sourceTree = "<group>"; };
		5F99A92A1CD7730500177BFC /* NewfeatureCollectionViewController.swift */ = {isa = PBXFileReference; fileEncoding = 4; lastKnownFileType = sourcecode.swift; path = NewfeatureCollectionViewController.swift; sourceTree = "<group>"; };
		5F9F19D61CEDDA080025E644 /* PhotoBrowserCell.swift */ = {isa = PBXFileReference; fileEncoding = 4; lastKnownFileType = sourcecode.swift; path = PhotoBrowserCell.swift; sourceTree = "<group>"; };
		5F9F19D81CEDDB330025E644 /* UIColor+Category.swift */ = {isa = PBXFileReference; fileEncoding = 4; lastKnownFileType = sourcecode.swift; path = "UIColor+Category.swift"; sourceTree = "<group>"; };
		5FB8EE8E1CDE3A0900EF4535 /* WelcomeViewController.swift */ = {isa = PBXFileReference; fileEncoding = 4; lastKnownFileType = sourcecode.swift; path = WelcomeViewController.swift; sourceTree = "<group>"; };
		5FC2BEAA1CCD000600850D74 /* MainVCSettings.json */ = {isa = PBXFileReference; fileEncoding = 4; lastKnownFileType = text.json; path = MainVCSettings.json; sourceTree = "<group>"; };
		5FC2BEAB1CCD000600850D74 /* NullViewController.swift */ = {isa = PBXFileReference; fileEncoding = 4; lastKnownFileType = sourcecode.swift; path = NullViewController.swift; sourceTree = "<group>"; };
		5FF4036F1CECC0AA002EE096 /* PhotoBrowserViewController.swift */ = {isa = PBXFileReference; fileEncoding = 4; lastKnownFileType = sourcecode.swift; path = PhotoBrowserViewController.swift; sourceTree = "<group>"; };
		5FFD44F61CE1FC290062B0A9 /* Status.swift */ = {isa = PBXFileReference; fileEncoding = 4; lastKnownFileType = sourcecode.swift; path = Status.swift; sourceTree = "<group>"; };
		5FFD44F81CE201750062B0A9 /* PopoverAnimator.swift */ = {isa = PBXFileReference; fileEncoding = 4; lastKnownFileType = sourcecode.swift; path = PopoverAnimator.swift; sourceTree = "<group>"; };
		5FFD44FA1CE2176E0062B0A9 /* User.swift */ = {isa = PBXFileReference; fileEncoding = 4; lastKnownFileType = sourcecode.swift; path = User.swift; sourceTree = "<group>"; };
		929B6C57C0D0D3556AAD560C /* Pods.framework */ = {isa = PBXFileReference; explicitFileType = wrapper.framework; includeInIndex = 0; path = Pods.framework; sourceTree = BUILT_PRODUCTS_DIR; };
/* End PBXFileReference section */

/* Begin PBXFrameworksBuildPhase section */
		5F09E0AE1CCB8D21005A3E8D /* Frameworks */ = {
			isa = PBXFrameworksBuildPhase;
			buildActionMask = 2147483647;
			files = (
				5BC2F88175667D555C5ECE4C /* Pods.framework in Frameworks */,
			);
			runOnlyForDeploymentPostprocessing = 0;
		};
		5F09E0C21CCB8D22005A3E8D /* Frameworks */ = {
			isa = PBXFrameworksBuildPhase;
			buildActionMask = 2147483647;
			files = (
			);
			runOnlyForDeploymentPostprocessing = 0;
		};
		5F09E0CD1CCB8D22005A3E8D /* Frameworks */ = {
			isa = PBXFrameworksBuildPhase;
			buildActionMask = 2147483647;
			files = (
			);
			runOnlyForDeploymentPostprocessing = 0;
		};
/* End PBXFrameworksBuildPhase section */

/* Begin PBXGroup section */
		418142A72B74EA0E1BB515F4 /* Pods */ = {
			isa = PBXGroup;
			children = (
				2CC7096C522B05EAA004B448 /* Pods.debug.xcconfig */,
				47BD61C498DA642F4A71C612 /* Pods.release.xcconfig */,
			);
			name = Pods;
			sourceTree = "<group>";
		};
		5F09E0A81CCB8D21005A3E8D = {
			isa = PBXGroup;
			children = (
				5F09E0B31CCB8D21005A3E8D /* weibo */,
				5F09E0C81CCB8D22005A3E8D /* weiboTests */,
				5F09E0D31CCB8D22005A3E8D /* weiboUITests */,
				5F09E0B21CCB8D21005A3E8D /* Products */,
				418142A72B74EA0E1BB515F4 /* Pods */,
				A33B990057E49551BD49EB86 /* Frameworks */,
			);
			sourceTree = "<group>";
		};
		5F09E0B21CCB8D21005A3E8D /* Products */ = {
			isa = PBXGroup;
			children = (
				5F09E0B11CCB8D21005A3E8D /* weibo.app */,
				5F09E0C51CCB8D22005A3E8D /* weiboTests.xctest */,
				5F09E0D01CCB8D22005A3E8D /* weiboUITests.xctest */,
			);
			name = Products;
			sourceTree = "<group>";
		};
		5F09E0B31CCB8D21005A3E8D /* weibo */ = {
			isa = PBXGroup;
			children = (
				5F09E0E41CCB8F13005A3E8D /* Classes */,
				5F09E0B41CCB8D21005A3E8D /* AppDelegate.swift */,
				5F09E0BB1CCB8D21005A3E8D /* Assets.xcassets */,
				5F09E0C01CCB8D21005A3E8D /* Info.plist */,
			);
			path = weibo;
			sourceTree = "<group>";
		};
		5F09E0C81CCB8D22005A3E8D /* weiboTests */ = {
			isa = PBXGroup;
			children = (
				5F09E0C91CCB8D22005A3E8D /* weiboTests.swift */,
				5F09E0CB1CCB8D22005A3E8D /* Info.plist */,
			);
			path = weiboTests;
			sourceTree = "<group>";
		};
		5F09E0D31CCB8D22005A3E8D /* weiboUITests */ = {
			isa = PBXGroup;
			children = (
				5F09E0D41CCB8D22005A3E8D /* weiboUITests.swift */,
				5F09E0D61CCB8D22005A3E8D /* Info.plist */,
			);
			path = weiboUITests;
			sourceTree = "<group>";
		};
		5F09E0E41CCB8F13005A3E8D /* Classes */ = {
			isa = PBXGroup;
			children = (
				5F99A9291CD772E000177BFC /* Newfeature */,
				5F4D89DB1CD60C3100F750E0 /* OAuth */,
				5F09E0E51CCB8F13005A3E8D /* Common */,
				5F09E0E61CCB8F13005A3E8D /* Discover */,
				5F09E0E71CCB8F13005A3E8D /* Home */,
				5F09E0E81CCB8F13005A3E8D /* Main */,
				5F09E0E91CCB8F13005A3E8D /* Message */,
				5F09E0EA1CCB8F13005A3E8D /* Profile */,
				5F09E0EB1CCB8F13005A3E8D /* Tools */,
			);
			path = Classes;
			sourceTree = "<group>";
		};
		5F09E0E51CCB8F13005A3E8D /* Common */ = {
			isa = PBXGroup;
			children = (
				5F719C2B1CCFB5C800325921 /* UIBarButtonItem+Category.swift */,
				5F719C2D1CCFBB6A00325921 /* titleButton.swift */,
				5F43480D1CE4A6460067098B /* UILabel+Category.swift */,
				5F43480F1CE4A9650067098B /* UIButton+Category.swift */,
				5F7F3EA71CE4D722005F99FC /* NSDate+Category.swift */,
			);
			path = Common;
			sourceTree = "<group>";
		};
		5F09E0E61CCB8F13005A3E8D /* Discover */ = {
			isa = PBXGroup;
			children = (
				5F09E0F01CCB8F5E005A3E8D /* DiscoverTableViewController.swift */,
			);
			path = Discover;
			sourceTree = "<group>";
		};
		5F09E0E71CCB8F13005A3E8D /* Home */ = {
			isa = PBXGroup;
			children = (
				5FF4036E1CECC08F002EE096 /* PhotoBrowser */,
				5F6299F41CD1145C0055A93F /* QRCode */,
				5F6299E91CD0F1F30055A93F /* Popover */,
				5F09E0EE1CCB8F4D005A3E8D /* HomeTableViewController.swift */,
				5FFD44F61CE1FC290062B0A9 /* Status.swift */,
				5FFD44FA1CE2176E0062B0A9 /* User.swift */,
				5F3DFFE61CEA02F80063C10D /* StatusTableViewTopView.swift */,
				5F44E8991CE234C4009B3B90 /* StatusTableViewCell.swift */,
				5F3DFFE81CEA0AB80063C10D /* StatusTableViewBottomView.swift */,
				5F3DFFEA1CEA0B800063C10D /* StatusPictureView.swift */,
				5F3DFFEC1CEA22AE0063C10D /* StatusForwardTableViewCell.swift */,
				5F3DFFEE1CEA270E0063C10D /* StatusNormalTableViewCell.swift */,
				5F4848801CEBAEA500BBFC23 /* HomeRefreshView.xib */,
				5F4848821CEBAED100BBFC23 /* HomeRefreshView.swift */,
			);
			path = Home;
			sourceTree = "<group>";
		};
		5F09E0E81CCB8F13005A3E8D /* Main */ = {
			isa = PBXGroup;
			children = (
				5FC2BEA91CCD000600850D74 /* Resource */,
				5F09E0EC1CCB8F3B005A3E8D /* MainTabBarViewController.swift */,
				5F1CC6021CCE5E9F00C960B5 /* BaseTableViewController.swift */,
				5F1CC6041CCE5F1F00C960B5 /* VisitorView.swift */,
			);
			path = Main;
			sourceTree = "<group>";
		};
		5F09E0E91CCB8F13005A3E8D /* Message */ = {
			isa = PBXGroup;
			children = (
				5F09E0F21CCB8F6B005A3E8D /* MessageTableViewController.swift */,
			);
			path = Message;
			sourceTree = "<group>";
		};
		5F09E0EA1CCB8F13005A3E8D /* Profile */ = {
			isa = PBXGroup;
			children = (
				5F09E0F41CCB8F77005A3E8D /* ProfileTableViewController.swift */,
			);
			path = Profile;
			sourceTree = "<group>";
		};
		5F09E0EB1CCB8F13005A3E8D /* Tools */ = {
			isa = PBXGroup;
			children = (
				5F1CC6061CCE628000C960B5 /* UIView+AutoLayout.swift */,
				5F8D0A8A1CD704230084D763 /* NetworkTools.swift */,
				5F99A9271CD72A8200177BFC /* String+Category.swift */,
				5F9F19D81CEDDB330025E644 /* UIColor+Category.swift */,
			);
			path = Tools;
			sourceTree = "<group>";
		};
		5F4D89DB1CD60C3100F750E0 /* OAuth */ = {
			isa = PBXGroup;
			children = (
				5F4D89DC1CD60CDD00F750E0 /* OAuthViewController.swift */,
				5F8D0A8C1CD70D1F0084D763 /* UserAccount.swift */,
			);
			path = OAuth;
			sourceTree = "<group>";
		};
		5F6299E91CD0F1F30055A93F /* Popover */ = {
			isa = PBXGroup;
			children = (
				5F6299EC1CD0F22F0055A93F /* PopoverViewController.storyboard */,
				5F6299EE1CD0FC7E0055A93F /* PopoverPresentationController.swift */,
				5F6299F01CD0FD180055A93F /* PopoverViewController.swift */,
				5FFD44F81CE201750062B0A9 /* PopoverAnimator.swift */,
			);
			path = Popover;
			sourceTree = "<group>";
		};
		5F6299F41CD1145C0055A93F /* QRCode */ = {
			isa = PBXGroup;
			children = (
				5F6299F51CD1146F0055A93F /* QRCodeViewController.storyboard */,
				5F6299F71CD114840055A93F /* QRCodeViewController.swift */,
				5F62CC251CD5A325000E029D /* QRCodeCardViewController.swift */,
			);
			path = QRCode;
			sourceTree = "<group>";
		};
		5F99A9291CD772E000177BFC /* Newfeature */ = {
			isa = PBXGroup;
			children = (
				5F99A92A1CD7730500177BFC /* NewfeatureCollectionViewController.swift */,
				5FB8EE8E1CDE3A0900EF4535 /* WelcomeViewController.swift */,
			);
			path = Newfeature;
			sourceTree = "<group>";
		};
		5FC2BEA91CCD000600850D74 /* Resource */ = {
			isa = PBXGroup;
			children = (
				5FC2BEAA1CCD000600850D74 /* MainVCSettings.json */,
				5FC2BEAB1CCD000600850D74 /* NullViewController.swift */,
			);
			path = Resource;
			sourceTree = "<group>";
		};
		5FF4036E1CECC08F002EE096 /* PhotoBrowser */ = {
			isa = PBXGroup;
			children = (
				5FF4036F1CECC0AA002EE096 /* PhotoBrowserViewController.swift */,
				5F9F19D61CEDDA080025E644 /* PhotoBrowserCell.swift */,
			);
			path = PhotoBrowser;
			sourceTree = "<group>";
		};
		A33B990057E49551BD49EB86 /* Frameworks */ = {
			isa = PBXGroup;
			children = (
				929B6C57C0D0D3556AAD560C /* Pods.framework */,
			);
			name = Frameworks;
			sourceTree = "<group>";
		};
/* End PBXGroup section */

/* Begin PBXNativeTarget section */
		5F09E0B01CCB8D21005A3E8D /* weibo */ = {
			isa = PBXNativeTarget;
			buildConfigurationList = 5F09E0D91CCB8D22005A3E8D /* Build configuration list for PBXNativeTarget "weibo" */;
			buildPhases = (
				A3E3C9A68967A4161E6AC1D0 /* Check Pods Manifest.lock */,
				5F09E0AD1CCB8D21005A3E8D /* Sources */,
				5F09E0AE1CCB8D21005A3E8D /* Frameworks */,
				5F09E0AF1CCB8D21005A3E8D /* Resources */,
				F0873F4B8831741B908EED98 /* Embed Pods Frameworks */,
				8761ABEF1556FC9962C316FE /* Copy Pods Resources */,
				5F6458061CD5C689001EECE1 /* CopyFiles */,
			);
			buildRules = (
			);
			dependencies = (
			);
			name = weibo;
			productName = weibo;
			productReference = 5F09E0B11CCB8D21005A3E8D /* weibo.app */;
			productType = "com.apple.product-type.application";
		};
		5F09E0C41CCB8D22005A3E8D /* weiboTests */ = {
			isa = PBXNativeTarget;
			buildConfigurationList = 5F09E0DC1CCB8D22005A3E8D /* Build configuration list for PBXNativeTarget "weiboTests" */;
			buildPhases = (
				5F09E0C11CCB8D22005A3E8D /* Sources */,
				5F09E0C21CCB8D22005A3E8D /* Frameworks */,
				5F09E0C31CCB8D22005A3E8D /* Resources */,
			);
			buildRules = (
			);
			dependencies = (
				5F09E0C71CCB8D22005A3E8D /* PBXTargetDependency */,
			);
			name = weiboTests;
			productName = weiboTests;
			productReference = 5F09E0C51CCB8D22005A3E8D /* weiboTests.xctest */;
			productType = "com.apple.product-type.bundle.unit-test";
		};
		5F09E0CF1CCB8D22005A3E8D /* weiboUITests */ = {
			isa = PBXNativeTarget;
			buildConfigurationList = 5F09E0DF1CCB8D22005A3E8D /* Build configuration list for PBXNativeTarget "weiboUITests" */;
			buildPhases = (
				5F09E0CC1CCB8D22005A3E8D /* Sources */,
				5F09E0CD1CCB8D22005A3E8D /* Frameworks */,
				5F09E0CE1CCB8D22005A3E8D /* Resources */,
			);
			buildRules = (
			);
			dependencies = (
				5F09E0D21CCB8D22005A3E8D /* PBXTargetDependency */,
			);
			name = weiboUITests;
			productName = weiboUITests;
			productReference = 5F09E0D01CCB8D22005A3E8D /* weiboUITests.xctest */;
			productType = "com.apple.product-type.bundle.ui-testing";
		};
/* End PBXNativeTarget section */

/* Begin PBXProject section */
		5F09E0A91CCB8D21005A3E8D /* Project object */ = {
			isa = PBXProject;
			attributes = {
				LastSwiftUpdateCheck = 0730;
				LastUpgradeCheck = 0730;
				ORGANIZATIONNAME = guozeqian;
				TargetAttributes = {
					5F09E0B01CCB8D21005A3E8D = {
						CreatedOnToolsVersion = 7.3;
						DevelopmentTeam = TT97CQ965H;
					};
					5F09E0C41CCB8D22005A3E8D = {
						CreatedOnToolsVersion = 7.3;
						DevelopmentTeam = TT97CQ965H;
						TestTargetID = 5F09E0B01CCB8D21005A3E8D;
					};
					5F09E0CF1CCB8D22005A3E8D = {
						CreatedOnToolsVersion = 7.3;
						DevelopmentTeam = TT97CQ965H;
						TestTargetID = 5F09E0B01CCB8D21005A3E8D;
					};
				};
			};
			buildConfigurationList = 5F09E0AC1CCB8D21005A3E8D /* Build configuration list for PBXProject "weibo" */;
			compatibilityVersion = "Xcode 3.2";
			developmentRegion = English;
			hasScannedForEncodings = 0;
			knownRegions = (
				en,
				Base,
			);
			mainGroup = 5F09E0A81CCB8D21005A3E8D;
			productRefGroup = 5F09E0B21CCB8D21005A3E8D /* Products */;
			projectDirPath = "";
			projectRoot = "";
			targets = (
				5F09E0B01CCB8D21005A3E8D /* weibo */,
				5F09E0C41CCB8D22005A3E8D /* weiboTests */,
				5F09E0CF1CCB8D22005A3E8D /* weiboUITests */,
			);
		};
/* End PBXProject section */

/* Begin PBXResourcesBuildPhase section */
		5F09E0AF1CCB8D21005A3E8D /* Resources */ = {
			isa = PBXResourcesBuildPhase;
			buildActionMask = 2147483647;
			files = (
				5F6299ED1CD0F22F0055A93F /* PopoverViewController.storyboard in Resources */,
				5FC2BEAC1CCD000600850D74 /* MainVCSettings.json in Resources */,
				5F4848811CEBAEA500BBFC23 /* HomeRefreshView.xib in Resources */,
				5F09E0BC1CCB8D21005A3E8D /* Assets.xcassets in Resources */,
				5F6299F61CD1146F0055A93F /* QRCodeViewController.storyboard in Resources */,
			);
			runOnlyForDeploymentPostprocessing = 0;
		};
		5F09E0C31CCB8D22005A3E8D /* Resources */ = {
			isa = PBXResourcesBuildPhase;
			buildActionMask = 2147483647;
			files = (
			);
			runOnlyForDeploymentPostprocessing = 0;
		};
		5F09E0CE1CCB8D22005A3E8D /* Resources */ = {
			isa = PBXResourcesBuildPhase;
			buildActionMask = 2147483647;
			files = (
			);
			runOnlyForDeploymentPostprocessing = 0;
		};
/* End PBXResourcesBuildPhase section */

/* Begin PBXShellScriptBuildPhase section */
		8761ABEF1556FC9962C316FE /* Copy Pods Resources */ = {
			isa = PBXShellScriptBuildPhase;
			buildActionMask = 2147483647;
			files = (
			);
			inputPaths = (
			);
			name = "Copy Pods Resources";
			outputPaths = (
			);
			runOnlyForDeploymentPostprocessing = 0;
			shellPath = /bin/sh;
			shellScript = "\"${SRCROOT}/Pods/Target Support Files/Pods/Pods-resources.sh\"\n";
			showEnvVarsInLog = 0;
		};
		A3E3C9A68967A4161E6AC1D0 /* Check Pods Manifest.lock */ = {
			isa = PBXShellScriptBuildPhase;
			buildActionMask = 2147483647;
			files = (
			);
			inputPaths = (
			);
			name = "Check Pods Manifest.lock";
			outputPaths = (
			);
			runOnlyForDeploymentPostprocessing = 0;
			shellPath = /bin/sh;
			shellScript = "diff \"${PODS_ROOT}/../Podfile.lock\" \"${PODS_ROOT}/Manifest.lock\" > /dev/null\nif [[ $? != 0 ]] ; then\n    cat << EOM\nerror: The sandbox is not in sync with the Podfile.lock. Run 'pod install' or update your CocoaPods installation.\nEOM\n    exit 1\nfi\n";
			showEnvVarsInLog = 0;
		};
		F0873F4B8831741B908EED98 /* Embed Pods Frameworks */ = {
			isa = PBXShellScriptBuildPhase;
			buildActionMask = 2147483647;
			files = (
			);
			inputPaths = (
			);
			name = "Embed Pods Frameworks";
			outputPaths = (
			);
			runOnlyForDeploymentPostprocessing = 0;
			shellPath = /bin/sh;
			shellScript = "\"${SRCROOT}/Pods/Target Support Files/Pods/Pods-frameworks.sh\"\n";
			showEnvVarsInLog = 0;
		};
/* End PBXShellScriptBuildPhase section */

/* Begin PBXSourcesBuildPhase section */
		5F09E0AD1CCB8D21005A3E8D /* Sources */ = {
			isa = PBXSourcesBuildPhase;
			buildActionMask = 2147483647;
			files = (
				5F62CC261CD5A325000E029D /* QRCodeCardViewController.swift in Sources */,
				5F6299EF1CD0FC7E0055A93F /* PopoverPresentationController.swift in Sources */,
				5F09E0F51CCB8F77005A3E8D /* ProfileTableViewController.swift in Sources */,
				5FFD44FB1CE2176E0062B0A9 /* User.swift in Sources */,
				5F3DFFEF1CEA270E0063C10D /* StatusNormalTableViewCell.swift in Sources */,
				5F4D89DD1CD60CDD00F750E0 /* OAuthViewController.swift in Sources */,
				5F6299F11CD0FD180055A93F /* PopoverViewController.swift in Sources */,
				5F9F19D91CEDDB330025E644 /* UIColor+Category.swift in Sources */,
				5F9F19D71CEDDA080025E644 /* PhotoBrowserCell.swift in Sources */,
				5F8D0A8D1CD70D1F0084D763 /* UserAccount.swift in Sources */,
				5F09E0EF1CCB8F4D005A3E8D /* HomeTableViewController.swift in Sources */,
				5F3DFFE71CEA02F80063C10D /* StatusTableViewTopView.swift in Sources */,
				5F7F3EA81CE4D722005F99FC /* NSDate+Category.swift in Sources */,
				5F719C2E1CCFBB6A00325921 /* titleButton.swift in Sources */,
				5FF403701CECC0AA002EE096 /* PhotoBrowserViewController.swift in Sources */,
				5F44E89A1CE234C4009B3B90 /* StatusTableViewCell.swift in Sources */,
				5F1CC6031CCE5E9F00C960B5 /* BaseTableViewController.swift in Sources */,
				5F3DFFEB1CEA0B800063C10D /* StatusPictureView.swift in Sources */,
				5F09E0B51CCB8D21005A3E8D /* AppDelegate.swift in Sources */,
				5F09E0F31CCB8F6B005A3E8D /* MessageTableViewController.swift in Sources */,
				5F3DFFED1CEA22AE0063C10D /* StatusForwardTableViewCell.swift in Sources */,
				5F43480E1CE4A6460067098B /* UILabel+Category.swift in Sources */,
				5F719C2C1CCFB5C800325921 /* UIBarButtonItem+Category.swift in Sources */,
				5F99A9281CD72A8200177BFC /* String+Category.swift in Sources */,
				5F4848831CEBAED100BBFC23 /* HomeRefreshView.swift in Sources */,
				5FB8EE8F1CDE3A0900EF4535 /* WelcomeViewController.swift in Sources */,
				5F6299F81CD114840055A93F /* QRCodeViewController.swift in Sources */,
				5F1CC6071CCE628000C960B5 /* UIView+AutoLayout.swift in Sources */,
				5F3DFFE91CEA0AB80063C10D /* StatusTableViewBottomView.swift in Sources */,
				5F09E0F11CCB8F5E005A3E8D /* DiscoverTableViewController.swift in Sources */,
				5FFD44F71CE1FC290062B0A9 /* Status.swift in Sources */,
				5F4348101CE4A9660067098B /* UIButton+Category.swift in Sources */,
				5F8D0A8B1CD704230084D763 /* NetworkTools.swift in Sources */,
				5F1CC6051CCE5F1F00C960B5 /* VisitorView.swift in Sources */,
				5F09E0ED1CCB8F3B005A3E8D /* MainTabBarViewController.swift in Sources */,
				5FC2BEAD1CCD000600850D74 /* NullViewController.swift in Sources */,
				5FFD44F91CE201750062B0A9 /* PopoverAnimator.swift in Sources */,
				5F99A92B1CD7730500177BFC /* NewfeatureCollectionViewController.swift in Sources */,
			);
			runOnlyForDeploymentPostprocessing = 0;
		};
		5F09E0C11CCB8D22005A3E8D /* Sources */ = {
			isa = PBXSourcesBuildPhase;
			buildActionMask = 2147483647;
			files = (
				5F09E0CA1CCB8D22005A3E8D /* weiboTests.swift in Sources */,
			);
			runOnlyForDeploymentPostprocessing = 0;
		};
		5F09E0CC1CCB8D22005A3E8D /* Sources */ = {
			isa = PBXSourcesBuildPhase;
			buildActionMask = 2147483647;
			files = (
				5F09E0D51CCB8D22005A3E8D /* weiboUITests.swift in Sources */,
			);
			runOnlyForDeploymentPostprocessing = 0;
		};
/* End PBXSourcesBuildPhase section */

/* Begin PBXTargetDependency section */
		5F09E0C71CCB8D22005A3E8D /* PBXTargetDependency */ = {
			isa = PBXTargetDependency;
			target = 5F09E0B01CCB8D21005A3E8D /* weibo */;
			targetProxy = 5F09E0C61CCB8D22005A3E8D /* PBXContainerItemProxy */;
		};
		5F09E0D21CCB8D22005A3E8D /* PBXTargetDependency */ = {
			isa = PBXTargetDependency;
			target = 5F09E0B01CCB8D21005A3E8D /* weibo */;
			targetProxy = 5F09E0D11CCB8D22005A3E8D /* PBXContainerItemProxy */;
		};
/* End PBXTargetDependency section */

/* Begin XCBuildConfiguration section */
		5F09E0D71CCB8D22005A3E8D /* Debug */ = {
			isa = XCBuildConfiguration;
			buildSettings = {
				ALWAYS_SEARCH_USER_PATHS = NO;
				CLANG_ANALYZER_NONNULL = YES;
				CLANG_CXX_LANGUAGE_STANDARD = "gnu++0x";
				CLANG_CXX_LIBRARY = "libc++";
				CLANG_ENABLE_MODULES = YES;
				CLANG_ENABLE_OBJC_ARC = YES;
				CLANG_WARN_BOOL_CONVERSION = YES;
				CLANG_WARN_CONSTANT_CONVERSION = YES;
				CLANG_WARN_DIRECT_OBJC_ISA_USAGE = YES_ERROR;
				CLANG_WARN_EMPTY_BODY = YES;
				CLANG_WARN_ENUM_CONVERSION = YES;
				CLANG_WARN_INT_CONVERSION = YES;
				CLANG_WARN_OBJC_ROOT_CLASS = YES_ERROR;
				CLANG_WARN_UNREACHABLE_CODE = YES;
				CLANG_WARN__DUPLICATE_METHOD_MATCH = YES;
				CODE_SIGN_IDENTITY = "iPhone Developer: zhang changcai (HSL7F7CU2J)";
				"CODE_SIGN_IDENTITY[sdk=iphoneos*]" = "iPhone Developer: zhang changcai (HSL7F7CU2J)";
				COPY_PHASE_STRIP = NO;
				DEBUG_INFORMATION_FORMAT = dwarf;
				ENABLE_STRICT_OBJC_MSGSEND = YES;
				ENABLE_TESTABILITY = YES;
				GCC_C_LANGUAGE_STANDARD = gnu99;
				GCC_DYNAMIC_NO_PIC = NO;
				GCC_NO_COMMON_BLOCKS = YES;
				GCC_OPTIMIZATION_LEVEL = 0;
				GCC_PREPROCESSOR_DEFINITIONS = (
					"DEBUG=1",
					"$(inherited)",
				);
				GCC_WARN_64_TO_32_BIT_CONVERSION = YES;
				GCC_WARN_ABOUT_RETURN_TYPE = YES_ERROR;
				GCC_WARN_UNDECLARED_SELECTOR = YES;
				GCC_WARN_UNINITIALIZED_AUTOS = YES_AGGRESSIVE;
				GCC_WARN_UNUSED_FUNCTION = YES;
				GCC_WARN_UNUSED_VARIABLE = YES;
				IPHONEOS_DEPLOYMENT_TARGET = 9.3;
				MTL_ENABLE_DEBUG_INFO = YES;
				ONLY_ACTIVE_ARCH = YES;
				SDKROOT = iphoneos;
				SWIFT_OPTIMIZATION_LEVEL = "-Onone";
			};
			name = Debug;
		};
		5F09E0D81CCB8D22005A3E8D /* Release */ = {
			isa = XCBuildConfiguration;
			buildSettings = {
				ALWAYS_SEARCH_USER_PATHS = NO;
				CLANG_ANALYZER_NONNULL = YES;
				CLANG_CXX_LANGUAGE_STANDARD = "gnu++0x";
				CLANG_CXX_LIBRARY = "libc++";
				CLANG_ENABLE_MODULES = YES;
				CLANG_ENABLE_OBJC_ARC = YES;
				CLANG_WARN_BOOL_CONVERSION = YES;
				CLANG_WARN_CONSTANT_CONVERSION = YES;
				CLANG_WARN_DIRECT_OBJC_ISA_USAGE = YES_ERROR;
				CLANG_WARN_EMPTY_BODY = YES;
				CLANG_WARN_ENUM_CONVERSION = YES;
				CLANG_WARN_INT_CONVERSION = YES;
				CLANG_WARN_OBJC_ROOT_CLASS = YES_ERROR;
				CLANG_WARN_UNREACHABLE_CODE = YES;
				CLANG_WARN__DUPLICATE_METHOD_MATCH = YES;
				CODE_SIGN_IDENTITY = "iPhone Developer: zhang changcai (HSL7F7CU2J)";
				"CODE_SIGN_IDENTITY[sdk=iphoneos*]" = "iPhone Developer: zhang changcai (HSL7F7CU2J)";
				COPY_PHASE_STRIP = NO;
				DEBUG_INFORMATION_FORMAT = "dwarf-with-dsym";
				ENABLE_NS_ASSERTIONS = NO;
				ENABLE_STRICT_OBJC_MSGSEND = YES;
				GCC_C_LANGUAGE_STANDARD = gnu99;
				GCC_NO_COMMON_BLOCKS = YES;
				GCC_WARN_64_TO_32_BIT_CONVERSION = YES;
				GCC_WARN_ABOUT_RETURN_TYPE = YES_ERROR;
				GCC_WARN_UNDECLARED_SELECTOR = YES;
				GCC_WARN_UNINITIALIZED_AUTOS = YES_AGGRESSIVE;
				GCC_WARN_UNUSED_FUNCTION = YES;
				GCC_WARN_UNUSED_VARIABLE = YES;
				IPHONEOS_DEPLOYMENT_TARGET = 9.3;
				MTL_ENABLE_DEBUG_INFO = NO;
				SDKROOT = iphoneos;
				VALIDATE_PRODUCT = YES;
			};
			name = Release;
		};
		5F09E0DA1CCB8D22005A3E8D /* Debug */ = {
			isa = XCBuildConfiguration;
			baseConfigurationReference = 2CC7096C522B05EAA004B448 /* Pods.debug.xcconfig */;
			buildSettings = {
				ASSETCATALOG_COMPILER_APPICON_NAME = AppIcon;
				ASSETCATALOG_COMPILER_LAUNCHIMAGE_NAME = LaunchImage;
				CODE_SIGN_IDENTITY = "iPhone Developer";
				"CODE_SIGN_IDENTITY[sdk=iphoneos*]" = "iPhone Developer";
				INFOPLIST_FILE = weibo/Info.plist;
				IPHONEOS_DEPLOYMENT_TARGET = 8.0;
				LD_RUNPATH_SEARCH_PATHS = "$(inherited) @executable_path/Frameworks";
				PRODUCT_BUNDLE_IDENTIFIER = zq.ios.weibo;
				PRODUCT_NAME = "$(TARGET_NAME)";
				PROVISIONING_PROFILE = "";
			};
			name = Debug;
		};
		5F09E0DB1CCB8D22005A3E8D /* Release */ = {
			isa = XCBuildConfiguration;
			baseConfigurationReference = 47BD61C498DA642F4A71C612 /* Pods.release.xcconfig */;
			buildSettings = {
				ASSETCATALOG_COMPILER_APPICON_NAME = AppIcon;
				ASSETCATALOG_COMPILER_LAUNCHIMAGE_NAME = LaunchImage;
				CODE_SIGN_IDENTITY = "iPhone Developer";
				"CODE_SIGN_IDENTITY[sdk=iphoneos*]" = "iPhone Developer";
				INFOPLIST_FILE = weibo/Info.plist;
				IPHONEOS_DEPLOYMENT_TARGET = 8.0;
				LD_RUNPATH_SEARCH_PATHS = "$(inherited) @executable_path/Frameworks";
				PRODUCT_BUNDLE_IDENTIFIER = zq.ios.weibo;
				PRODUCT_NAME = "$(TARGET_NAME)";
				PROVISIONING_PROFILE = "";
			};
			name = Release;
		};
		5F09E0DD1CCB8D22005A3E8D /* Debug */ = {
			isa = XCBuildConfiguration;
			buildSettings = {
				BUNDLE_LOADER = "$(TEST_HOST)";
				INFOPLIST_FILE = weiboTests/Info.plist;
				LD_RUNPATH_SEARCH_PATHS = "$(inherited) @executable_path/Frameworks @loader_path/Frameworks";
				PRODUCT_BUNDLE_IDENTIFIER = zq.ios.weiboTests;
				PRODUCT_NAME = "$(TARGET_NAME)";
				TEST_HOST = "$(BUILT_PRODUCTS_DIR)/weibo.app/weibo";
			};
			name = Debug;
		};
		5F09E0DE1CCB8D22005A3E8D /* Release */ = {
			isa = XCBuildConfiguration;
			buildSettings = {
				BUNDLE_LOADER = "$(TEST_HOST)";
				INFOPLIST_FILE = weiboTests/Info.plist;
				LD_RUNPATH_SEARCH_PATHS = "$(inherited) @executable_path/Frameworks @loader_path/Frameworks";
				PRODUCT_BUNDLE_IDENTIFIER = zq.ios.weiboTests;
				PRODUCT_NAME = "$(TARGET_NAME)";
				TEST_HOST = "$(BUILT_PRODUCTS_DIR)/weibo.app/weibo";
			};
			name = Release;
		};
		5F09E0E01CCB8D22005A3E8D /* Debug */ = {
			isa = XCBuildConfiguration;
			buildSettings = {
				INFOPLIST_FILE = weiboUITests/Info.plist;
				LD_RUNPATH_SEARCH_PATHS = "$(inherited) @executable_path/Frameworks @loader_path/Frameworks";
				PRODUCT_BUNDLE_IDENTIFIER = zq.ios.weiboUITests;
				PRODUCT_NAME = "$(TARGET_NAME)";
				TEST_TARGET_NAME = weibo;
			};
			name = Debug;
		};
		5F09E0E11CCB8D22005A3E8D /* Release */ = {
			isa = XCBuildConfiguration;
			buildSettings = {
				INFOPLIST_FILE = weiboUITests/Info.plist;
				LD_RUNPATH_SEARCH_PATHS = "$(inherited) @executable_path/Frameworks @loader_path/Frameworks";
				PRODUCT_BUNDLE_IDENTIFIER = zq.ios.weiboUITests;
				PRODUCT_NAME = "$(TARGET_NAME)";
				TEST_TARGET_NAME = weibo;
			};
			name = Release;
		};
/* End XCBuildConfiguration section */

/* Begin XCConfigurationList section */
		5F09E0AC1CCB8D21005A3E8D /* Build configuration list for PBXProject "weibo" */ = {
			isa = XCConfigurationList;
			buildConfigurations = (
				5F09E0D71CCB8D22005A3E8D /* Debug */,
				5F09E0D81CCB8D22005A3E8D /* Release */,
			);
			defaultConfigurationIsVisible = 0;
			defaultConfigurationName = Release;
		};
		5F09E0D91CCB8D22005A3E8D /* Build configuration list for PBXNativeTarget "weibo" */ = {
			isa = XCConfigurationList;
			buildConfigurations = (
				5F09E0DA1CCB8D22005A3E8D /* Debug */,
				5F09E0DB1CCB8D22005A3E8D /* Release */,
			);
			defaultConfigurationIsVisible = 0;
			defaultConfigurationName = Release;
		};
		5F09E0DC1CCB8D22005A3E8D /* Build configuration list for PBXNativeTarget "weiboTests" */ = {
			isa = XCConfigurationList;
			buildConfigurations = (
				5F09E0DD1CCB8D22005A3E8D /* Debug */,
				5F09E0DE1CCB8D22005A3E8D /* Release */,
			);
			defaultConfigurationIsVisible = 0;
			defaultConfigurationName = Release;
		};
		5F09E0DF1CCB8D22005A3E8D /* Build configuration list for PBXNativeTarget "weiboUITests" */ = {
			isa = XCConfigurationList;
			buildConfigurations = (
				5F09E0E01CCB8D22005A3E8D /* Debug */,
				5F09E0E11CCB8D22005A3E8D /* Release */,
			);
			defaultConfigurationIsVisible = 0;
			defaultConfigurationName = Release;
		};
/* End XCConfigurationList section */
	};
	rootObject = 5F09E0A91CCB8D21005A3E8D /* Project object */;
}
